
Microsoft Visual Studio Solution File, Format Version 12.00
# Visual Studio 15
VisualStudioVersion = 15.0.26430.4
MinimumVisualStudioVersion = 10.0.40219.1
Project("{FAE04EC0-301F-11D3-BF4B-00C04F79EFBC}") = "WebApi", "MvcApplication1\WebApi.csproj", "{8F84BF9B-B304-49DE-A512-A85279DD806F}"
EndProject
Project("{2150E333-8FDC-42A3-9474-1A3956D46DE8}") = ".nuget", ".nuget", "{A1C00C23-A91A-4164-B922-86CE9D5E7FAF}"
	ProjectSection(SolutionItems) = preProject
		.nuget\NuGet.Config = .nuget\NuGet.Config
		.nuget\NuGet.exe = .nuget\NuGet.exe
		.nuget\NuGet.targets = .nuget\NuGet.targets
	EndProjectSection
EndProject
Project("{FAE04EC0-301F-11D3-BF4B-00C04F79EFBC}") = "WebApi.Spec", "WebApi.Spec\WebApi.Spec.csproj", "{B81F435D-89F0-4AC9-AC41-DF345CF2ADD0}"
EndProject
Global
	GlobalSection(SolutionConfigurationPlatforms) = preSolution
		Debug|Any CPU = Debug|Any CPU
		Release|Any CPU = Release|Any CPU
	EndGlobalSection
	GlobalSection(ProjectConfigurationPlatforms) = postSolution
		{8F84BF9B-B304-49DE-A512-A85279DD806F}.Debug|Any CPU.ActiveCfg = Debug|Any CPU
		{8F84BF9B-B304-49DE-A512-A85279DD806F}.Debug|Any CPU.Build.0 = Debug|Any CPU
		{8F84BF9B-B304-49DE-A512-A85279DD806F}.Release|Any CPU.ActiveCfg = Release|Any CPU
		{8F84BF9B-B304-49DE-A512-A85279DD806F}.Release|Any CPU.Build.0 = Release|Any CPU
		{B81F435D-89F0-4AC9-AC41-DF345CF2ADD0}.Debug|Any CPU.ActiveCfg = Debug|Any CPU
		{B81F435D-89F0-4AC9-AC41-DF345CF2ADD0}.Debug|Any CPU.Build.0 = Debug|Any CPU
		{B81F435D-89F0-4AC9-AC41-DF345CF2ADD0}.Release|Any CPU.ActiveCfg = Release|Any CPU
		{B81F435D-89F0-4AC9-AC41-DF345CF2ADD0}.Release|Any CPU.Build.0 = Release|Any CPU
	EndGlobalSection
	GlobalSection(SolutionProperties) = preSolution
		HideSolutionNode = FALSE
	EndGlobalSection
EndGlobal
